
Microsoft Visual Studio Solution File, Format Version 12.00
# Visual Studio 15
VisualStudioVersion = 15.0.26124.0
MinimumVisualStudioVersion = 15.0.26124.0
Project("{2150E333-8FDC-42A3-9474-1A3956D46DE8}") = "src", "src", "{67D0D03D-86B1-4FE2-A973-5F2E8D9DA944}"
EndProject
Project("{FAE04EC0-301F-11D3-BF4B-00C04F79EFBC}") = "Training.ConsoleApp", "src\Training.ConsoleApp\Training.ConsoleApp.csproj", "{DC7930F3-58AF-4BF0-BEA2-EA38046CFE50}"
EndProject
Project("{FAE04EC0-301F-11D3-BF4B-00C04F79EFBC}") = "Training.Business", "src\Training.Business\Training.Business.csproj", "{1C752DB7-DB53-4E53-8D2C-3146CFB025A7}"
EndProject
Project("{2150E333-8FDC-42A3-9474-1A3956D46DE8}") = "test", "test", "{029E12A6-5554-43A3-BB3A-CAB9251735D4}"
EndProject
Project("{FAE04EC0-301F-11D3-BF4B-00C04F79EFBC}") = "Training.Business.Tests", "test\Training.Business.Tests\Training.Business.Tests.csproj", "{B401A09B-1644-4DD6-A8CE-46A371D00CB0}"
EndProject
Global
	GlobalSection(SolutionConfigurationPlatforms) = preSolution
		Debug|Any CPU = Debug|Any CPU
		Debug|x64 = Debug|x64
		Debug|x86 = Debug|x86
		Release|Any CPU = Release|Any CPU
		Release|x64 = Release|x64
		Release|x86 = Release|x86
	EndGlobalSection
	GlobalSection(SolutionProperties) = preSolution
		HideSolutionNode = FALSE
	EndGlobalSection
	GlobalSection(ProjectConfigurationPlatforms) = postSolution
		{DC7930F3-58AF-4BF0-BEA2-EA38046CFE50}.Debug|Any CPU.ActiveCfg = Debug|Any CPU
		{DC7930F3-58AF-4BF0-BEA2-EA38046CFE50}.Debug|Any CPU.Build.0 = Debug|Any CPU
		{DC7930F3-58AF-4BF0-BEA2-EA38046CFE50}.Debug|x64.ActiveCfg = Debug|Any CPU
		{DC7930F3-58AF-4BF0-BEA2-EA38046CFE50}.Debug|x64.Build.0 = Debug|Any CPU
		{DC7930F3-58AF-4BF0-BEA2-EA38046CFE50}.Debug|x86.ActiveCfg = Debug|Any CPU
		{DC7930F3-58AF-4BF0-BEA2-EA38046CFE50}.Debug|x86.Build.0 = Debug|Any CPU
		{DC7930F3-58AF-4BF0-BEA2-EA38046CFE50}.Release|Any CPU.ActiveCfg = Release|Any CPU
		{DC7930F3-58AF-4BF0-BEA2-EA38046CFE50}.Release|Any CPU.Build.0 = Release|Any CPU
		{DC7930F3-58AF-4BF0-BEA2-EA38046CFE50}.Release|x64.ActiveCfg = Release|Any CPU
		{DC7930F3-58AF-4BF0-BEA2-EA38046CFE50}.Release|x64.Build.0 = Release|Any CPU
		{DC7930F3-58AF-4BF0-BEA2-EA38046CFE50}.Release|x86.ActiveCfg = Release|Any CPU
		{DC7930F3-58AF-4BF0-BEA2-EA38046CFE50}.Release|x86.Build.0 = Release|Any CPU
		{1C752DB7-DB53-4E53-8D2C-3146CFB025A7}.Debug|Any CPU.ActiveCfg = Debug|Any CPU
		{1C752DB7-DB53-4E53-8D2C-3146CFB025A7}.Debug|Any CPU.Build.0 = Debug|Any CPU
		{1C752DB7-DB53-4E53-8D2C-3146CFB025A7}.Debug|x64.ActiveCfg = Debug|Any CPU
		{1C752DB7-DB53-4E53-8D2C-3146CFB025A7}.Debug|x64.Build.0 = Debug|Any CPU
		{1C752DB7-DB53-4E53-8D2C-3146CFB025A7}.Debug|x86.ActiveCfg = Debug|Any CPU
		{1C752DB7-DB53-4E53-8D2C-3146CFB025A7}.Debug|x86.Build.0 = Debug|Any CPU
		{1C752DB7-DB53-4E53-8D2C-3146CFB025A7}.Release|Any CPU.ActiveCfg = Release|Any CPU
		{1C752DB7-DB53-4E53-8D2C-3146CFB025A7}.Release|Any CPU.Build.0 = Release|Any CPU
		{1C752DB7-DB53-4E53-8D2C-3146CFB025A7}.Release|x64.ActiveCfg = Release|Any CPU
		{1C752DB7-DB53-4E53-8D2C-3146CFB025A7}.Release|x64.Build.0 = Release|Any CPU
		{1C752DB7-DB53-4E53-8D2C-3146CFB025A7}.Release|x86.ActiveCfg = Release|Any CPU
		{1C752DB7-DB53-4E53-8D2C-3146CFB025A7}.Release|x86.Build.0 = Release|Any CPU
		{B401A09B-1644-4DD6-A8CE-46A371D00CB0}.Debug|Any CPU.ActiveCfg = Debug|Any CPU
		{B401A09B-1644-4DD6-A8CE-46A371D00CB0}.Debug|Any CPU.Build.0 = Debug|Any CPU
		{B401A09B-1644-4DD6-A8CE-46A371D00CB0}.Debug|x64.ActiveCfg = Debug|Any CPU
		{B401A09B-1644-4DD6-A8CE-46A371D00CB0}.Debug|x64.Build.0 = Debug|Any CPU
		{B401A09B-1644-4DD6-A8CE-46A371D00CB0}.Debug|x86.ActiveCfg = Debug|Any CPU
		{B401A09B-1644-4DD6-A8CE-46A371D00CB0}.Debug|x86.Build.0 = Debug|Any CPU
		{B401A09B-1644-4DD6-A8CE-46A371D00CB0}.Release|Any CPU.ActiveCfg = Release|Any CPU
		{B401A09B-1644-4DD6-A8CE-46A371D00CB0}.Release|Any CPU.Build.0 = Release|Any CPU
		{B401A09B-1644-4DD6-A8CE-46A371D00CB0}.Release|x64.ActiveCfg = Release|Any CPU
		{B401A09B-1644-4DD6-A8CE-46A371D00CB0}.Release|x64.Build.0 = Release|Any CPU
		{B401A09B-1644-4DD6-A8CE-46A371D00CB0}.Release|x86.ActiveCfg = Release|Any CPU
		{B401A09B-1644-4DD6-A8CE-46A371D00CB0}.Release|x86.Build.0 = Release|Any CPU
	EndGlobalSection
	GlobalSection(NestedProjects) = preSolution
		{DC7930F3-58AF-4BF0-BEA2-EA38046CFE50} = {67D0D03D-86B1-4FE2-A973-5F2E8D9DA944}
		{1C752DB7-DB53-4E53-8D2C-3146CFB025A7} = {67D0D03D-86B1-4FE2-A973-5F2E8D9DA944}
		{B401A09B-1644-4DD6-A8CE-46A371D00CB0} = {029E12A6-5554-43A3-BB3A-CAB9251735D4}
	EndGlobalSection
EndGlobal
